
Microsoft Visual Studio Solution File, Format Version 12.00
# Visual Studio 15
VisualStudioVersion = 15.0.28307.705
MinimumVisualStudioVersion = 10.0.40219.1
Project("{FAE04EC0-301F-11D3-BF4B-00C04F79EFBC}") = "Ekin.Encryption", "Ekin.Encryption\Ekin.Encryption.csproj", "{7984BF88-72A3-42D5-862C-E3813977A05D}"
EndProject
Global
	GlobalSection(SolutionConfigurationPlatforms) = preSolution
		Debug|Any CPU = Debug|Any CPU
		Release|Any CPU = Release|Any CPU
	EndGlobalSection
	GlobalSection(ProjectConfigurationPlatforms) = postSolution
		{7984BF88-72A3-42D5-862C-E3813977A05D}.Debug|Any CPU.ActiveCfg = Debug|Any CPU
		{7984BF88-72A3-42D5-862C-E3813977A05D}.Debug|Any CPU.Build.0 = Debug|Any CPU
		{7984BF88-72A3-42D5-862C-E3813977A05D}.Release|Any CPU.ActiveCfg = Release|Any CPU
		{7984BF88-72A3-42D5-862C-E3813977A05D}.Release|Any CPU.Build.0 = Release|Any CPU
	EndGlobalSection
	GlobalSection(SolutionProperties) = preSolution
		HideSolutionNode = FALSE
	EndGlobalSection
	GlobalSection(ExtensibilityGlobals) = postSolution
		SolutionGuid = {3EE6E696-FB66-4329-8085-FFF8DEE77213}
	EndGlobalSection
EndGlobal
